
Microsoft Visual Studio Solution File, Format Version 12.00
# Visual Studio Version 17
VisualStudioVersion = 17.8.34309.116
MinimumVisualStudioVersion = 10.0.40219.1
Project("{FAE04EC0-301F-11D3-BF4B-00C04F79EFBC}") = "Calc_Your_Salary", "Calc_Your_Salary\Calc_Your_Salary.csproj", "{C03808D2-88B1-4B23-B8BE-0B18D1590FC8}"
EndProject
Global
	GlobalSection(SolutionConfigurationPlatforms) = preSolution
		Debug|Any CPU = Debug|Any CPU
		Release|Any CPU = Release|Any CPU
	EndGlobalSection
	GlobalSection(ProjectConfigurationPlatforms) = postSolution
		{C03808D2-88B1-4B23-B8BE-0B18D1590FC8}.Debug|Any CPU.ActiveCfg = Debug|Any CPU
		{C03808D2-88B1-4B23-B8BE-0B18D1590FC8}.Debug|Any CPU.Build.0 = Debug|Any CPU
		{C03808D2-88B1-4B23-B8BE-0B18D1590FC8}.Release|Any CPU.ActiveCfg = Release|Any CPU
		{C03808D2-88B1-4B23-B8BE-0B18D1590FC8}.Release|Any CPU.Build.0 = Release|Any CPU
	EndGlobalSection
	GlobalSection(SolutionProperties) = preSolution
		HideSolutionNode = FALSE
	EndGlobalSection
	GlobalSection(ExtensibilityGlobals) = postSolution
		SolutionGuid = {957AA6B4-F48D-4908-A3D1-D78078138899}
	EndGlobalSection
EndGlobal
