
Microsoft Visual Studio Solution File, Format Version 12.00
# Visual Studio Version 17
VisualStudioVersion = 17.8.34309.116
MinimumVisualStudioVersion = 10.0.40219.1
Project("{FAE04EC0-301F-11D3-BF4B-00C04F79EFBC}") = "Calc_Your_Age", "Calc_Your_Age\Calc_Your_Age.csproj", "{DCEBEC12-1306-47F7-88E8-BFDFB62FAE70}"
EndProject
Global
	GlobalSection(SolutionConfigurationPlatforms) = preSolution
		Debug|Any CPU = Debug|Any CPU
		Release|Any CPU = Release|Any CPU
	EndGlobalSection
	GlobalSection(ProjectConfigurationPlatforms) = postSolution
		{DCEBEC12-1306-47F7-88E8-BFDFB62FAE70}.Debug|Any CPU.ActiveCfg = Debug|Any CPU
		{DCEBEC12-1306-47F7-88E8-BFDFB62FAE70}.Debug|Any CPU.Build.0 = Debug|Any CPU
		{DCEBEC12-1306-47F7-88E8-BFDFB62FAE70}.Release|Any CPU.ActiveCfg = Release|Any CPU
		{DCEBEC12-1306-47F7-88E8-BFDFB62FAE70}.Release|Any CPU.Build.0 = Release|Any CPU
	EndGlobalSection
	GlobalSection(SolutionProperties) = preSolution
		HideSolutionNode = FALSE
	EndGlobalSection
	GlobalSection(ExtensibilityGlobals) = postSolution
		SolutionGuid = {392F0261-1218-46EF-A1D2-2BB6458EE707}
	EndGlobalSection
EndGlobal
