
Microsoft Visual Studio Solution File, Format Version 12.00
# Visual Studio Version 17
VisualStudioVersion = 17.8.34309.116
MinimumVisualStudioVersion = 10.0.40219.1
Project("{FAE04EC0-301F-11D3-BF4B-00C04F79EFBC}") = "Calc_Triangle_Area", "Calc_Triangle_Area\Calc_Triangle_Area.csproj", "{44074DC2-B018-4E04-9D36-B68791D408DE}"
EndProject
Global
	GlobalSection(SolutionConfigurationPlatforms) = preSolution
		Debug|Any CPU = Debug|Any CPU
		Release|Any CPU = Release|Any CPU
	EndGlobalSection
	GlobalSection(ProjectConfigurationPlatforms) = postSolution
		{44074DC2-B018-4E04-9D36-B68791D408DE}.Debug|Any CPU.ActiveCfg = Debug|Any CPU
		{44074DC2-B018-4E04-9D36-B68791D408DE}.Debug|Any CPU.Build.0 = Debug|Any CPU
		{44074DC2-B018-4E04-9D36-B68791D408DE}.Release|Any CPU.ActiveCfg = Release|Any CPU
		{44074DC2-B018-4E04-9D36-B68791D408DE}.Release|Any CPU.Build.0 = Release|Any CPU
	EndGlobalSection
	GlobalSection(SolutionProperties) = preSolution
		HideSolutionNode = FALSE
	EndGlobalSection
	GlobalSection(ExtensibilityGlobals) = postSolution
		SolutionGuid = {946687F6-A7E9-46AD-BAE9-FA77830F17DE}
	EndGlobalSection
EndGlobal
