
Microsoft Visual Studio Solution File, Format Version 12.00
# Visual Studio Version 17
VisualStudioVersion = 17.8.34309.116
MinimumVisualStudioVersion = 10.0.40219.1
Project("{FAE04EC0-301F-11D3-BF4B-00C04F79EFBC}") = "Simple_Calculator", "Simple_Calculator\Simple_Calculator.csproj", "{0278028B-CC2E-496A-A958-03C55B189FC1}"
EndProject
Global
	GlobalSection(SolutionConfigurationPlatforms) = preSolution
		Debug|Any CPU = Debug|Any CPU
		Release|Any CPU = Release|Any CPU
	EndGlobalSection
	GlobalSection(ProjectConfigurationPlatforms) = postSolution
		{0278028B-CC2E-496A-A958-03C55B189FC1}.Debug|Any CPU.ActiveCfg = Debug|Any CPU
		{0278028B-CC2E-496A-A958-03C55B189FC1}.Debug|Any CPU.Build.0 = Debug|Any CPU
		{0278028B-CC2E-496A-A958-03C55B189FC1}.Release|Any CPU.ActiveCfg = Release|Any CPU
		{0278028B-CC2E-496A-A958-03C55B189FC1}.Release|Any CPU.Build.0 = Release|Any CPU
	EndGlobalSection
	GlobalSection(SolutionProperties) = preSolution
		HideSolutionNode = FALSE
	EndGlobalSection
	GlobalSection(ExtensibilityGlobals) = postSolution
		SolutionGuid = {528AC1BE-3690-4440-817E-E0680EE51116}
	EndGlobalSection
EndGlobal
